
Microsoft Visual Studio Solution File, Format Version 12.00
# Visual Studio 2013
VisualStudioVersion = 12.0.30501.0
MinimumVisualStudioVersion = 10.0.40219.1
Project("{8BC9CEB8-8B4A-11D0-8D11-00A0C91BC942}") = "zApplicationHelpers", "ApplicationHelpers\ApplicationHelpers.vcxproj", "{DDA81122-4CBE-4985-928E-0ABA6CBD160A}"
EndProject
Project("{8BC9CEB8-8B4A-11D0-8D11-00A0C91BC942}") = "zWindowsHelpers", "WindowsHelpers\zWindowsHelpers.vcxproj", "{3407BBC5-5BC7-4BD7-860D-CBC24715737B}"
EndProject
Project("{8BC9CEB8-8B4A-11D0-8D11-00A0C91BC942}") = "Sockets", "Sockets\Sockets.vcxproj", "{CA3129B8-1BF4-44C9-B116-53EC72D0BCCB}"
EndProject
Project("{8BC9CEB8-8B4A-11D0-8D11-00A0C91BC942}") = "ClientExecutive", "Client\Client.vcxproj", "{9DF44650-FE64-456E-A316-2695AB5F893E}"
EndProject
Project("{8BC9CEB8-8B4A-11D0-8D11-00A0C91BC942}") = "ServerExecutive", "Server\Server.vcxproj", "{9AC1D871-0F10-419F-B3A3-4DD65D80E86C}"
EndProject
Project("{8BC9CEB8-8B4A-11D0-8D11-00A0C91BC942}") = "Sender", "Sender\Sender.vcxproj", "{4B618FDD-8C60-4F91-91DA-1420A783F3B7}"
EndProject
Project("{8BC9CEB8-8B4A-11D0-8D11-00A0C91BC942}") = "Message", "Message\Message.vcxproj", "{7968BF5E-A4D9-4A2C-8925-E376A9D76178}"
EndProject
Project("{8BC9CEB8-8B4A-11D0-8D11-00A0C91BC942}") = "BlockingQueue", "BlockingQueue\BlockingQueue.vcxproj", "{01E5DA4C-419D-4793-BFE7-C647FDD29B88}"
EndProject
Project("{8BC9CEB8-8B4A-11D0-8D11-00A0C91BC942}") = "FileSystem", "FileSystem\FileSystem.vcxproj", "{D6CB7483-9600-4BCD-AE97-3542CC66E007}"
EndProject
Project("{8BC9CEB8-8B4A-11D0-8D11-00A0C91BC942}") = "Receiver", "Receiver\Receiver.vcxproj", "{3EC7306F-FD03-43D8-92DA-1FA3EF570788}"
EndProject
Project("{8BC9CEB8-8B4A-11D0-8D11-00A0C91BC942}") = "locks", "locks\locks.vcxproj", "{B6568793-D64F-4B58-85C4-F5F895FB9179}"
EndProject
Project("{8BC9CEB8-8B4A-11D0-8D11-00A0C91BC942}") = "Threads", "Threads\Threads.vcxproj", "{57D82C34-D9AF-436F-AF78-0B021C66CB8E}"
EndProject
Project("{8BC9CEB8-8B4A-11D0-8D11-00A0C91BC942}") = "Display", "Display\Display.vcxproj", "{02FEEC9D-41D1-42E3-99C7-CD7BDCEE8274}"
EndProject
Project("{FAE04EC0-301F-11D3-BF4B-00C04F79EFBC}") = "GUI", "GUI\GUI.csproj", "{9BE9A818-92D4-40DA-848D-C4B142062EFC}"
EndProject
Project("{FAE04EC0-301F-11D3-BF4B-00C04F79EFBC}") = "Bridge", "Bridge\Bridge.csproj", "{34ECEADA-393F-4177-BF52-E4DAED84C773}"
EndProject
Global
	GlobalSection(SolutionConfigurationPlatforms) = preSolution
		Debug|Any CPU = Debug|Any CPU
		Debug|Mixed Platforms = Debug|Mixed Platforms
		Debug|Win32 = Debug|Win32
		Release|Any CPU = Release|Any CPU
		Release|Mixed Platforms = Release|Mixed Platforms
		Release|Win32 = Release|Win32
	EndGlobalSection
	GlobalSection(ProjectConfigurationPlatforms) = postSolution
		{DDA81122-4CBE-4985-928E-0ABA6CBD160A}.Debug|Any CPU.ActiveCfg = Debug|Win32
		{DDA81122-4CBE-4985-928E-0ABA6CBD160A}.Debug|Mixed Platforms.ActiveCfg = Debug|Win32
		{DDA81122-4CBE-4985-928E-0ABA6CBD160A}.Debug|Mixed Platforms.Build.0 = Debug|Win32
		{DDA81122-4CBE-4985-928E-0ABA6CBD160A}.Debug|Win32.ActiveCfg = Debug|Win32
		{DDA81122-4CBE-4985-928E-0ABA6CBD160A}.Debug|Win32.Build.0 = Debug|Win32
		{DDA81122-4CBE-4985-928E-0ABA6CBD160A}.Release|Any CPU.ActiveCfg = Release|Win32
		{DDA81122-4CBE-4985-928E-0ABA6CBD160A}.Release|Mixed Platforms.ActiveCfg = Release|Win32
		{DDA81122-4CBE-4985-928E-0ABA6CBD160A}.Release|Mixed Platforms.Build.0 = Release|Win32
		{DDA81122-4CBE-4985-928E-0ABA6CBD160A}.Release|Win32.ActiveCfg = Release|Win32
		{DDA81122-4CBE-4985-928E-0ABA6CBD160A}.Release|Win32.Build.0 = Release|Win32
		{3407BBC5-5BC7-4BD7-860D-CBC24715737B}.Debug|Any CPU.ActiveCfg = Debug|Win32
		{3407BBC5-5BC7-4BD7-860D-CBC24715737B}.Debug|Mixed Platforms.ActiveCfg = Debug|Win32
		{3407BBC5-5BC7-4BD7-860D-CBC24715737B}.Debug|Mixed Platforms.Build.0 = Debug|Win32
		{3407BBC5-5BC7-4BD7-860D-CBC24715737B}.Debug|Win32.ActiveCfg = Debug|Win32
		{3407BBC5-5BC7-4BD7-860D-CBC24715737B}.Debug|Win32.Build.0 = Debug|Win32
		{3407BBC5-5BC7-4BD7-860D-CBC24715737B}.Release|Any CPU.ActiveCfg = Release|Win32
		{3407BBC5-5BC7-4BD7-860D-CBC24715737B}.Release|Mixed Platforms.ActiveCfg = Release|Win32
		{3407BBC5-5BC7-4BD7-860D-CBC24715737B}.Release|Mixed Platforms.Build.0 = Release|Win32
		{3407BBC5-5BC7-4BD7-860D-CBC24715737B}.Release|Win32.ActiveCfg = Release|Win32
		{3407BBC5-5BC7-4BD7-860D-CBC24715737B}.Release|Win32.Build.0 = Release|Win32
		{CA3129B8-1BF4-44C9-B116-53EC72D0BCCB}.Debug|Any CPU.ActiveCfg = Debug|Win32
		{CA3129B8-1BF4-44C9-B116-53EC72D0BCCB}.Debug|Mixed Platforms.ActiveCfg = Debug|Win32
		{CA3129B8-1BF4-44C9-B116-53EC72D0BCCB}.Debug|Mixed Platforms.Build.0 = Debug|Win32
		{CA3129B8-1BF4-44C9-B116-53EC72D0BCCB}.Debug|Win32.ActiveCfg = Debug|Win32
		{CA3129B8-1BF4-44C9-B116-53EC72D0BCCB}.Debug|Win32.Build.0 = Debug|Win32
		{CA3129B8-1BF4-44C9-B116-53EC72D0BCCB}.Release|Any CPU.ActiveCfg = Release|Win32
		{CA3129B8-1BF4-44C9-B116-53EC72D0BCCB}.Release|Mixed Platforms.ActiveCfg = Release|Win32
		{CA3129B8-1BF4-44C9-B116-53EC72D0BCCB}.Release|Mixed Platforms.Build.0 = Release|Win32
		{CA3129B8-1BF4-44C9-B116-53EC72D0BCCB}.Release|Win32.ActiveCfg = Release|Win32
		{CA3129B8-1BF4-44C9-B116-53EC72D0BCCB}.Release|Win32.Build.0 = Release|Win32
		{9DF44650-FE64-456E-A316-2695AB5F893E}.Debug|Any CPU.ActiveCfg = Debug|Win32
		{9DF44650-FE64-456E-A316-2695AB5F893E}.Debug|Mixed Platforms.ActiveCfg = Debug|Win32
		{9DF44650-FE64-456E-A316-2695AB5F893E}.Debug|Mixed Platforms.Build.0 = Debug|Win32
		{9DF44650-FE64-456E-A316-2695AB5F893E}.Debug|Win32.ActiveCfg = Debug|Win32
		{9DF44650-FE64-456E-A316-2695AB5F893E}.Debug|Win32.Build.0 = Debug|Win32
		{9DF44650-FE64-456E-A316-2695AB5F893E}.Release|Any CPU.ActiveCfg = Release|Win32
		{9DF44650-FE64-456E-A316-2695AB5F893E}.Release|Mixed Platforms.ActiveCfg = Release|Win32
		{9DF44650-FE64-456E-A316-2695AB5F893E}.Release|Mixed Platforms.Build.0 = Release|Win32
		{9DF44650-FE64-456E-A316-2695AB5F893E}.Release|Win32.ActiveCfg = Release|Win32
		{9DF44650-FE64-456E-A316-2695AB5F893E}.Release|Win32.Build.0 = Release|Win32
		{9AC1D871-0F10-419F-B3A3-4DD65D80E86C}.Debug|Any CPU.ActiveCfg = Debug|Win32
		{9AC1D871-0F10-419F-B3A3-4DD65D80E86C}.Debug|Mixed Platforms.ActiveCfg = Debug|Win32
		{9AC1D871-0F10-419F-B3A3-4DD65D80E86C}.Debug|Mixed Platforms.Build.0 = Debug|Win32
		{9AC1D871-0F10-419F-B3A3-4DD65D80E86C}.Debug|Win32.ActiveCfg = Debug|Win32
		{9AC1D871-0F10-419F-B3A3-4DD65D80E86C}.Debug|Win32.Build.0 = Debug|Win32
		{9AC1D871-0F10-419F-B3A3-4DD65D80E86C}.Release|Any CPU.ActiveCfg = Release|Win32
		{9AC1D871-0F10-419F-B3A3-4DD65D80E86C}.Release|Mixed Platforms.ActiveCfg = Release|Win32
		{9AC1D871-0F10-419F-B3A3-4DD65D80E86C}.Release|Mixed Platforms.Build.0 = Release|Win32
		{9AC1D871-0F10-419F-B3A3-4DD65D80E86C}.Release|Win32.ActiveCfg = Release|Win32
		{9AC1D871-0F10-419F-B3A3-4DD65D80E86C}.Release|Win32.Build.0 = Release|Win32
		{4B618FDD-8C60-4F91-91DA-1420A783F3B7}.Debug|Any CPU.ActiveCfg = Debug|Win32
		{4B618FDD-8C60-4F91-91DA-1420A783F3B7}.Debug|Mixed Platforms.ActiveCfg = Debug|Win32
		{4B618FDD-8C60-4F91-91DA-1420A783F3B7}.Debug|Mixed Platforms.Build.0 = Debug|Win32
		{4B618FDD-8C60-4F91-91DA-1420A783F3B7}.Debug|Win32.ActiveCfg = Debug|Win32
		{4B618FDD-8C60-4F91-91DA-1420A783F3B7}.Debug|Win32.Build.0 = Debug|Win32
		{4B618FDD-8C60-4F91-91DA-1420A783F3B7}.Release|Any CPU.ActiveCfg = Release|Win32
		{4B618FDD-8C60-4F91-91DA-1420A783F3B7}.Release|Mixed Platforms.ActiveCfg = Release|Win32
		{4B618FDD-8C60-4F91-91DA-1420A783F3B7}.Release|Mixed Platforms.Build.0 = Release|Win32
		{4B618FDD-8C60-4F91-91DA-1420A783F3B7}.Release|Win32.ActiveCfg = Release|Win32
		{4B618FDD-8C60-4F91-91DA-1420A783F3B7}.Release|Win32.Build.0 = Release|Win32
		{7968BF5E-A4D9-4A2C-8925-E376A9D76178}.Debug|Any CPU.ActiveCfg = Debug|Win32
		{7968BF5E-A4D9-4A2C-8925-E376A9D76178}.Debug|Mixed Platforms.ActiveCfg = Debug|Win32
		{7968BF5E-A4D9-4A2C-8925-E376A9D76178}.Debug|Mixed Platforms.Build.0 = Debug|Win32
		{7968BF5E-A4D9-4A2C-8925-E376A9D76178}.Debug|Win32.ActiveCfg = Debug|Win32
		{7968BF5E-A4D9-4A2C-8925-E376A9D76178}.Debug|Win32.Build.0 = Debug|Win32
		{7968BF5E-A4D9-4A2C-8925-E376A9D76178}.Release|Any CPU.ActiveCfg = Release|Win32
		{7968BF5E-A4D9-4A2C-8925-E376A9D76178}.Release|Mixed Platforms.ActiveCfg = Release|Win32
		{7968BF5E-A4D9-4A2C-8925-E376A9D76178}.Release|Mixed Platforms.Build.0 = Release|Win32
		{7968BF5E-A4D9-4A2C-8925-E376A9D76178}.Release|Win32.ActiveCfg = Release|Win32
		{7968BF5E-A4D9-4A2C-8925-E376A9D76178}.Release|Win32.Build.0 = Release|Win32
		{01E5DA4C-419D-4793-BFE7-C647FDD29B88}.Debug|Any CPU.ActiveCfg = Debug|Win32
		{01E5DA4C-419D-4793-BFE7-C647FDD29B88}.Debug|Mixed Platforms.ActiveCfg = Debug|Win32
		{01E5DA4C-419D-4793-BFE7-C647FDD29B88}.Debug|Mixed Platforms.Build.0 = Debug|Win32
		{01E5DA4C-419D-4793-BFE7-C647FDD29B88}.Debug|Win32.ActiveCfg = Debug|Win32
		{01E5DA4C-419D-4793-BFE7-C647FDD29B88}.Debug|Win32.Build.0 = Debug|Win32
		{01E5DA4C-419D-4793-BFE7-C647FDD29B88}.Release|Any CPU.ActiveCfg = Release|Win32
		{01E5DA4C-419D-4793-BFE7-C647FDD29B88}.Release|Mixed Platforms.ActiveCfg = Release|Win32
		{01E5DA4C-419D-4793-BFE7-C647FDD29B88}.Release|Mixed Platforms.Build.0 = Release|Win32
		{01E5DA4C-419D-4793-BFE7-C647FDD29B88}.Release|Win32.ActiveCfg = Release|Win32
		{01E5DA4C-419D-4793-BFE7-C647FDD29B88}.Release|Win32.Build.0 = Release|Win32
		{D6CB7483-9600-4BCD-AE97-3542CC66E007}.Debug|Any CPU.ActiveCfg = Debug|Win32
		{D6CB7483-9600-4BCD-AE97-3542CC66E007}.Debug|Mixed Platforms.ActiveCfg = Debug|Win32
		{D6CB7483-9600-4BCD-AE97-3542CC66E007}.Debug|Mixed Platforms.Build.0 = Debug|Win32
		{D6CB7483-9600-4BCD-AE97-3542CC66E007}.Debug|Win32.ActiveCfg = Debug|Win32
		{D6CB7483-9600-4BCD-AE97-3542CC66E007}.Debug|Win32.Build.0 = Debug|Win32
		{D6CB7483-9600-4BCD-AE97-3542CC66E007}.Release|Any CPU.ActiveCfg = Release|Win32
		{D6CB7483-9600-4BCD-AE97-3542CC66E007}.Release|Mixed Platforms.ActiveCfg = Release|Win32
		{D6CB7483-9600-4BCD-AE97-3542CC66E007}.Release|Mixed Platforms.Build.0 = Release|Win32
		{D6CB7483-9600-4BCD-AE97-3542CC66E007}.Release|Win32.ActiveCfg = Release|Win32
		{D6CB7483-9600-4BCD-AE97-3542CC66E007}.Release|Win32.Build.0 = Release|Win32
		{3EC7306F-FD03-43D8-92DA-1FA3EF570788}.Debug|Any CPU.ActiveCfg = Debug|Win32
		{3EC7306F-FD03-43D8-92DA-1FA3EF570788}.Debug|Mixed Platforms.ActiveCfg = Debug|Win32
		{3EC7306F-FD03-43D8-92DA-1FA3EF570788}.Debug|Mixed Platforms.Build.0 = Debug|Win32
		{3EC7306F-FD03-43D8-92DA-1FA3EF570788}.Debug|Win32.ActiveCfg = Debug|Win32
		{3EC7306F-FD03-43D8-92DA-1FA3EF570788}.Debug|Win32.Build.0 = Debug|Win32
		{3EC7306F-FD03-43D8-92DA-1FA3EF570788}.Release|Any CPU.ActiveCfg = Release|Win32
		{3EC7306F-FD03-43D8-92DA-1FA3EF570788}.Release|Mixed Platforms.ActiveCfg = Release|Win32
		{3EC7306F-FD03-43D8-92DA-1FA3EF570788}.Release|Mixed Platforms.Build.0 = Release|Win32
		{3EC7306F-FD03-43D8-92DA-1FA3EF570788}.Release|Win32.ActiveCfg = Release|Win32
		{3EC7306F-FD03-43D8-92DA-1FA3EF570788}.Release|Win32.Build.0 = Release|Win32
		{B6568793-D64F-4B58-85C4-F5F895FB9179}.Debug|Any CPU.ActiveCfg = Debug|Win32
		{B6568793-D64F-4B58-85C4-F5F895FB9179}.Debug|Mixed Platforms.ActiveCfg = Debug|Win32
		{B6568793-D64F-4B58-85C4-F5F895FB9179}.Debug|Mixed Platforms.Build.0 = Debug|Win32
		{B6568793-D64F-4B58-85C4-F5F895FB9179}.Debug|Win32.ActiveCfg = Debug|Win32
		{B6568793-D64F-4B58-85C4-F5F895FB9179}.Debug|Win32.Build.0 = Debug|Win32
		{B6568793-D64F-4B58-85C4-F5F895FB9179}.Release|Any CPU.ActiveCfg = Release|Win32
		{B6568793-D64F-4B58-85C4-F5F895FB9179}.Release|Mixed Platforms.ActiveCfg = Release|Win32
		{B6568793-D64F-4B58-85C4-F5F895FB9179}.Release|Mixed Platforms.Build.0 = Release|Win32
		{B6568793-D64F-4B58-85C4-F5F895FB9179}.Release|Win32.ActiveCfg = Release|Win32
		{B6568793-D64F-4B58-85C4-F5F895FB9179}.Release|Win32.Build.0 = Release|Win32
		{57D82C34-D9AF-436F-AF78-0B021C66CB8E}.Debug|Any CPU.ActiveCfg = Debug|Win32
		{57D82C34-D9AF-436F-AF78-0B021C66CB8E}.Debug|Mixed Platforms.ActiveCfg = Debug|Win32
		{57D82C34-D9AF-436F-AF78-0B021C66CB8E}.Debug|Mixed Platforms.Build.0 = Debug|Win32
		{57D82C34-D9AF-436F-AF78-0B021C66CB8E}.Debug|Win32.ActiveCfg = Debug|Win32
		{57D82C34-D9AF-436F-AF78-0B021C66CB8E}.Debug|Win32.Build.0 = Debug|Win32
		{57D82C34-D9AF-436F-AF78-0B021C66CB8E}.Release|Any CPU.ActiveCfg = Release|Win32
		{57D82C34-D9AF-436F-AF78-0B021C66CB8E}.Release|Mixed Platforms.ActiveCfg = Release|Win32
		{57D82C34-D9AF-436F-AF78-0B021C66CB8E}.Release|Mixed Platforms.Build.0 = Release|Win32
		{57D82C34-D9AF-436F-AF78-0B021C66CB8E}.Release|Win32.ActiveCfg = Release|Win32
		{57D82C34-D9AF-436F-AF78-0B021C66CB8E}.Release|Win32.Build.0 = Release|Win32
		{02FEEC9D-41D1-42E3-99C7-CD7BDCEE8274}.Debug|Any CPU.ActiveCfg = Debug|Win32
		{02FEEC9D-41D1-42E3-99C7-CD7BDCEE8274}.Debug|Mixed Platforms.ActiveCfg = Debug|Win32
		{02FEEC9D-41D1-42E3-99C7-CD7BDCEE8274}.Debug|Mixed Platforms.Build.0 = Debug|Win32
		{02FEEC9D-41D1-42E3-99C7-CD7BDCEE8274}.Debug|Win32.ActiveCfg = Debug|Win32
		{02FEEC9D-41D1-42E3-99C7-CD7BDCEE8274}.Debug|Win32.Build.0 = Debug|Win32
		{02FEEC9D-41D1-42E3-99C7-CD7BDCEE8274}.Release|Any CPU.ActiveCfg = Release|Win32
		{02FEEC9D-41D1-42E3-99C7-CD7BDCEE8274}.Release|Mixed Platforms.ActiveCfg = Release|Win32
		{02FEEC9D-41D1-42E3-99C7-CD7BDCEE8274}.Release|Mixed Platforms.Build.0 = Release|Win32
		{02FEEC9D-41D1-42E3-99C7-CD7BDCEE8274}.Release|Win32.ActiveCfg = Release|Win32
		{02FEEC9D-41D1-42E3-99C7-CD7BDCEE8274}.Release|Win32.Build.0 = Release|Win32
		{9BE9A818-92D4-40DA-848D-C4B142062EFC}.Debug|Any CPU.ActiveCfg = Debug|Any CPU
		{9BE9A818-92D4-40DA-848D-C4B142062EFC}.Debug|Any CPU.Build.0 = Debug|Any CPU
		{9BE9A818-92D4-40DA-848D-C4B142062EFC}.Debug|Mixed Platforms.ActiveCfg = Debug|Any CPU
		{9BE9A818-92D4-40DA-848D-C4B142062EFC}.Debug|Mixed Platforms.Build.0 = Debug|Any CPU
		{9BE9A818-92D4-40DA-848D-C4B142062EFC}.Debug|Win32.ActiveCfg = Debug|Any CPU
		{9BE9A818-92D4-40DA-848D-C4B142062EFC}.Release|Any CPU.ActiveCfg = Release|Any CPU
		{9BE9A818-92D4-40DA-848D-C4B142062EFC}.Release|Any CPU.Build.0 = Release|Any CPU
		{9BE9A818-92D4-40DA-848D-C4B142062EFC}.Release|Mixed Platforms.ActiveCfg = Release|Any CPU
		{9BE9A818-92D4-40DA-848D-C4B142062EFC}.Release|Mixed Platforms.Build.0 = Release|Any CPU
		{9BE9A818-92D4-40DA-848D-C4B142062EFC}.Release|Win32.ActiveCfg = Release|Any CPU
		{34ECEADA-393F-4177-BF52-E4DAED84C773}.Debug|Any CPU.ActiveCfg = Debug|Any CPU
		{34ECEADA-393F-4177-BF52-E4DAED84C773}.Debug|Any CPU.Build.0 = Debug|Any CPU
		{34ECEADA-393F-4177-BF52-E4DAED84C773}.Debug|Mixed Platforms.ActiveCfg = Debug|Any CPU
		{34ECEADA-393F-4177-BF52-E4DAED84C773}.Debug|Mixed Platforms.Build.0 = Debug|Any CPU
		{34ECEADA-393F-4177-BF52-E4DAED84C773}.Debug|Win32.ActiveCfg = Debug|Any CPU
		{34ECEADA-393F-4177-BF52-E4DAED84C773}.Release|Any CPU.ActiveCfg = Release|Any CPU
		{34ECEADA-393F-4177-BF52-E4DAED84C773}.Release|Any CPU.Build.0 = Release|Any CPU
		{34ECEADA-393F-4177-BF52-E4DAED84C773}.Release|Mixed Platforms.ActiveCfg = Release|Any CPU
		{34ECEADA-393F-4177-BF52-E4DAED84C773}.Release|Mixed Platforms.Build.0 = Release|Any CPU
		{34ECEADA-393F-4177-BF52-E4DAED84C773}.Release|Win32.ActiveCfg = Release|Any CPU
	EndGlobalSection
	GlobalSection(SolutionProperties) = preSolution
		HideSolutionNode = FALSE
	EndGlobalSection
EndGlobal
